
Microsoft Visual Studio Solution File, Format Version 12.00
# Visual Studio Version 17
VisualStudioVersion = 17.14.36616.10
MinimumVisualStudioVersion = 10.0.40219.1
Project("{FAE04EC0-301F-11D3-BF4B-00C04F79EFBC}") = "KeypadDecoder", "KeypadDecoder\KeypadDecoder.csproj", "{63E00AAD-7F5E-5C47-5BA4-9C413561B2F1}"
EndProject
Project("{FAE04EC0-301F-11D3-BF4B-00C04F79EFBC}") = "KeypadDecoder.Test", "KeypadDecoder.Test\KeypadDecoder.Test.csproj", "{23579E70-3895-4A2D-A88A-B1BD79036FA4}"
EndProject
Global
	GlobalSection(SolutionConfigurationPlatforms) = preSolution
		Debug|Any CPU = Debug|Any CPU
		Release|Any CPU = Release|Any CPU
	EndGlobalSection
	GlobalSection(ProjectConfigurationPlatforms) = postSolution
		{63E00AAD-7F5E-5C47-5BA4-9C413561B2F1}.Debug|Any CPU.ActiveCfg = Debug|Any CPU
		{63E00AAD-7F5E-5C47-5BA4-9C413561B2F1}.Debug|Any CPU.Build.0 = Debug|Any CPU
		{63E00AAD-7F5E-5C47-5BA4-9C413561B2F1}.Release|Any CPU.ActiveCfg = Release|Any CPU
		{63E00AAD-7F5E-5C47-5BA4-9C413561B2F1}.Release|Any CPU.Build.0 = Release|Any CPU
		{23579E70-3895-4A2D-A88A-B1BD79036FA4}.Debug|Any CPU.ActiveCfg = Debug|Any CPU
		{23579E70-3895-4A2D-A88A-B1BD79036FA4}.Debug|Any CPU.Build.0 = Debug|Any CPU
		{23579E70-3895-4A2D-A88A-B1BD79036FA4}.Release|Any CPU.ActiveCfg = Release|Any CPU
		{23579E70-3895-4A2D-A88A-B1BD79036FA4}.Release|Any CPU.Build.0 = Release|Any CPU
	EndGlobalSection
	GlobalSection(SolutionProperties) = preSolution
		HideSolutionNode = FALSE
	EndGlobalSection
	GlobalSection(ExtensibilityGlobals) = postSolution
		SolutionGuid = {39ECE3DE-B9C8-4EAF-A519-F316B629D27B}
	EndGlobalSection
EndGlobal
